github.com/vorduin/nune v0.2.0 h1:bpx9x8y18XlUZLNxsGLqPes78FFK2jo3XXxH3oycXYA=
github.com/vorduin/nune v0.2.0/go.mod h1:nY1rzMpsWkFgIAmA1Hvtu5AGKz82ahGuFENO6y/PR88=
github.com/vorduin/slices v1.0.5 h1:Da/TQyk+1xd6lBpVMx2PwMnplOP43pPiNVpGsg/nztg=
github.com/vorduin/slices v1.0.5/go.mod h1:KN1SK0SrEsHQbrA48xrLKpr60I4+qfY89ABCxmX2h5w=
